
Microsoft Visual Studio Solution File, Format Version 11.00
# Visual Studio 10
Project("{F184B08F-C81C-45F6-A57F-5ABD9991F28F}") = "Favorites Viewer", "Favorites Viewer\Favorites Viewer.vbproj", "{4D537D19-9687-4E08-BCFD-0DA4998CEE7C}"
EndProject
Project("{F184B08F-C81C-45F6-A57F-5ABD9991F28F}") = "Favorites Tray", "Favorites Tray\Favorites Tray.vbproj", "{245C4EF7-19F2-441F-A7ED-BDC451F93EC9}"
EndProject
Global
	GlobalSection(SolutionConfigurationPlatforms) = preSolution
		Debug|x86 = Debug|x86
		Release|x86 = Release|x86
	EndGlobalSection
	GlobalSection(ProjectConfigurationPlatforms) = postSolution
		{4D537D19-9687-4E08-BCFD-0DA4998CEE7C}.Debug|x86.ActiveCfg = Debug|x86
		{4D537D19-9687-4E08-BCFD-0DA4998CEE7C}.Debug|x86.Build.0 = Debug|x86
		{4D537D19-9687-4E08-BCFD-0DA4998CEE7C}.Release|x86.ActiveCfg = Release|x86
		{4D537D19-9687-4E08-BCFD-0DA4998CEE7C}.Release|x86.Build.0 = Release|x86
		{245C4EF7-19F2-441F-A7ED-BDC451F93EC9}.Debug|x86.ActiveCfg = Debug|x86
		{245C4EF7-19F2-441F-A7ED-BDC451F93EC9}.Debug|x86.Build.0 = Debug|x86
		{245C4EF7-19F2-441F-A7ED-BDC451F93EC9}.Release|x86.ActiveCfg = Release|x86
		{245C4EF7-19F2-441F-A7ED-BDC451F93EC9}.Release|x86.Build.0 = Release|x86
	EndGlobalSection
	GlobalSection(SolutionProperties) = preSolution
		HideSolutionNode = FALSE
	EndGlobalSection
EndGlobal
